
Microsoft Visual Studio Solution File, Format Version 12.00
# Visual Studio 2012
Project("{FAE04EC0-301F-11D3-BF4B-00C04F79EFBC}") = "kumasuzu", "kumasuzu\kumasuzu.csproj", "{59592027-4B5A-4C6C-B73D-B196ED0DBCBC}"
EndProject
Project("{FAE04EC0-301F-11D3-BF4B-00C04F79EFBC}") = "kumasuzu.iOS", "iOS\kumasuzu.iOS.csproj", "{A2593F2E-0A61-4D5A-8619-6D4C945686CC}"
EndProject
Project("{FAE04EC0-301F-11D3-BF4B-00C04F79EFBC}") = "kumasuzu.Droid", "Droid\kumasuzu.Droid.csproj", "{96311ED7-56A6-4AA9-9297-DC08B7BF697D}"
EndProject
Project("{FAE04EC0-301F-11D3-BF4B-00C04F79EFBC}") = "kumasuzu.UITests", "UITests\kumasuzu.UITests.csproj", "{5F8376B1-7303-4B09-AC74-3DCF7217CA15}"
EndProject
Global
	GlobalSection(SolutionConfigurationPlatforms) = preSolution
		Debug|Any CPU = Debug|Any CPU
		Release|Any CPU = Release|Any CPU
		Debug|iPhoneSimulator = Debug|iPhoneSimulator
		Release|iPhone = Release|iPhone
		Release|iPhoneSimulator = Release|iPhoneSimulator
		Debug|iPhone = Debug|iPhone
	EndGlobalSection
	GlobalSection(ProjectConfigurationPlatforms) = postSolution
		{59592027-4B5A-4C6C-B73D-B196ED0DBCBC}.Debug|Any CPU.ActiveCfg = Debug|Any CPU
		{59592027-4B5A-4C6C-B73D-B196ED0DBCBC}.Debug|Any CPU.Build.0 = Debug|Any CPU
		{59592027-4B5A-4C6C-B73D-B196ED0DBCBC}.Release|Any CPU.ActiveCfg = Release|Any CPU
		{59592027-4B5A-4C6C-B73D-B196ED0DBCBC}.Release|Any CPU.Build.0 = Release|Any CPU
		{59592027-4B5A-4C6C-B73D-B196ED0DBCBC}.Debug|iPhoneSimulator.ActiveCfg = Debug|Any CPU
		{59592027-4B5A-4C6C-B73D-B196ED0DBCBC}.Debug|iPhoneSimulator.Build.0 = Debug|Any CPU
		{59592027-4B5A-4C6C-B73D-B196ED0DBCBC}.Release|iPhone.ActiveCfg = Release|Any CPU
		{59592027-4B5A-4C6C-B73D-B196ED0DBCBC}.Release|iPhone.Build.0 = Release|Any CPU
		{59592027-4B5A-4C6C-B73D-B196ED0DBCBC}.Release|iPhoneSimulator.ActiveCfg = Release|Any CPU
		{59592027-4B5A-4C6C-B73D-B196ED0DBCBC}.Release|iPhoneSimulator.Build.0 = Release|Any CPU
		{59592027-4B5A-4C6C-B73D-B196ED0DBCBC}.Debug|iPhone.ActiveCfg = Debug|Any CPU
		{59592027-4B5A-4C6C-B73D-B196ED0DBCBC}.Debug|iPhone.Build.0 = Debug|Any CPU
		{A2593F2E-0A61-4D5A-8619-6D4C945686CC}.Debug|Any CPU.ActiveCfg = Debug|iPhoneSimulator
		{A2593F2E-0A61-4D5A-8619-6D4C945686CC}.Debug|Any CPU.Build.0 = Debug|iPhoneSimulator
		{A2593F2E-0A61-4D5A-8619-6D4C945686CC}.Release|Any CPU.ActiveCfg = Release|iPhone
		{A2593F2E-0A61-4D5A-8619-6D4C945686CC}.Release|Any CPU.Build.0 = Release|iPhone
		{A2593F2E-0A61-4D5A-8619-6D4C945686CC}.Debug|iPhoneSimulator.ActiveCfg = Debug|iPhoneSimulator
		{A2593F2E-0A61-4D5A-8619-6D4C945686CC}.Debug|iPhoneSimulator.Build.0 = Debug|iPhoneSimulator
		{A2593F2E-0A61-4D5A-8619-6D4C945686CC}.Release|iPhone.ActiveCfg = Release|iPhone
		{A2593F2E-0A61-4D5A-8619-6D4C945686CC}.Release|iPhone.Build.0 = Release|iPhone
		{A2593F2E-0A61-4D5A-8619-6D4C945686CC}.Release|iPhoneSimulator.ActiveCfg = Release|iPhoneSimulator
		{A2593F2E-0A61-4D5A-8619-6D4C945686CC}.Release|iPhoneSimulator.Build.0 = Release|iPhoneSimulator
		{A2593F2E-0A61-4D5A-8619-6D4C945686CC}.Debug|iPhone.ActiveCfg = Debug|iPhone
		{A2593F2E-0A61-4D5A-8619-6D4C945686CC}.Debug|iPhone.Build.0 = Debug|iPhone
		{96311ED7-56A6-4AA9-9297-DC08B7BF697D}.Debug|Any CPU.ActiveCfg = Debug|Any CPU
		{96311ED7-56A6-4AA9-9297-DC08B7BF697D}.Debug|Any CPU.Build.0 = Debug|Any CPU
		{96311ED7-56A6-4AA9-9297-DC08B7BF697D}.Release|Any CPU.ActiveCfg = Release|Any CPU
		{96311ED7-56A6-4AA9-9297-DC08B7BF697D}.Release|Any CPU.Build.0 = Release|Any CPU
		{96311ED7-56A6-4AA9-9297-DC08B7BF697D}.Debug|iPhoneSimulator.ActiveCfg = Debug|Any CPU
		{96311ED7-56A6-4AA9-9297-DC08B7BF697D}.Debug|iPhoneSimulator.Build.0 = Debug|Any CPU
		{96311ED7-56A6-4AA9-9297-DC08B7BF697D}.Release|iPhone.ActiveCfg = Release|Any CPU
		{96311ED7-56A6-4AA9-9297-DC08B7BF697D}.Release|iPhone.Build.0 = Release|Any CPU
		{96311ED7-56A6-4AA9-9297-DC08B7BF697D}.Release|iPhoneSimulator.ActiveCfg = Release|Any CPU
		{96311ED7-56A6-4AA9-9297-DC08B7BF697D}.Release|iPhoneSimulator.Build.0 = Release|Any CPU
		{96311ED7-56A6-4AA9-9297-DC08B7BF697D}.Debug|iPhone.ActiveCfg = Debug|Any CPU
		{96311ED7-56A6-4AA9-9297-DC08B7BF697D}.Debug|iPhone.Build.0 = Debug|Any CPU
		{5F8376B1-7303-4B09-AC74-3DCF7217CA15}.Debug|Any CPU.ActiveCfg = Debug|Any CPU
		{5F8376B1-7303-4B09-AC74-3DCF7217CA15}.Debug|Any CPU.Build.0 = Debug|Any CPU
		{5F8376B1-7303-4B09-AC74-3DCF7217CA15}.Release|Any CPU.ActiveCfg = Release|Any CPU
		{5F8376B1-7303-4B09-AC74-3DCF7217CA15}.Release|Any CPU.Build.0 = Release|Any CPU
		{5F8376B1-7303-4B09-AC74-3DCF7217CA15}.Debug|iPhoneSimulator.ActiveCfg = Debug|Any CPU
		{5F8376B1-7303-4B09-AC74-3DCF7217CA15}.Debug|iPhoneSimulator.Build.0 = Debug|Any CPU
		{5F8376B1-7303-4B09-AC74-3DCF7217CA15}.Release|iPhone.ActiveCfg = Release|Any CPU
		{5F8376B1-7303-4B09-AC74-3DCF7217CA15}.Release|iPhone.Build.0 = Release|Any CPU
		{5F8376B1-7303-4B09-AC74-3DCF7217CA15}.Release|iPhoneSimulator.ActiveCfg = Release|Any CPU
		{5F8376B1-7303-4B09-AC74-3DCF7217CA15}.Release|iPhoneSimulator.Build.0 = Release|Any CPU
		{5F8376B1-7303-4B09-AC74-3DCF7217CA15}.Debug|iPhone.ActiveCfg = Debug|Any CPU
		{5F8376B1-7303-4B09-AC74-3DCF7217CA15}.Debug|iPhone.Build.0 = Debug|Any CPU
	EndGlobalSection
EndGlobal
