
Microsoft Visual Studio Solution File, Format Version 12.00
# Visual Studio 2012
Project("{FAE04EC0-301F-11D3-BF4B-00C04F79EFBC}") = "kumasuzu", "kumasuzu\kumasuzu.csproj", "{399A1086-AA2B-4357-97C6-BB8FBEF64064}"
EndProject
Project("{FAE04EC0-301F-11D3-BF4B-00C04F79EFBC}") = "kumasuzu.iOS", "iOS\kumasuzu.iOS.csproj", "{D10D4EE0-EE35-46A3-880D-C85D859F85CC}"
EndProject
Project("{FAE04EC0-301F-11D3-BF4B-00C04F79EFBC}") = "kumasuzu.Droid", "Droid\kumasuzu.Droid.csproj", "{4AB85809-F208-498C-83D7-5DA767729D1C}"
EndProject
Project("{FAE04EC0-301F-11D3-BF4B-00C04F79EFBC}") = "kumasuzu.UITests", "UITests\kumasuzu.UITests.csproj", "{CCD1886F-B3D4-4C84-8ADE-7352EFB5A045}"
EndProject
Global
	GlobalSection(SolutionConfigurationPlatforms) = preSolution
		Debug|Any CPU = Debug|Any CPU
		Release|Any CPU = Release|Any CPU
		Debug|iPhoneSimulator = Debug|iPhoneSimulator
		Release|iPhone = Release|iPhone
		Release|iPhoneSimulator = Release|iPhoneSimulator
		Debug|iPhone = Debug|iPhone
	EndGlobalSection
	GlobalSection(ProjectConfigurationPlatforms) = postSolution
		{399A1086-AA2B-4357-97C6-BB8FBEF64064}.Debug|Any CPU.ActiveCfg = Debug|Any CPU
		{399A1086-AA2B-4357-97C6-BB8FBEF64064}.Debug|Any CPU.Build.0 = Debug|Any CPU
		{399A1086-AA2B-4357-97C6-BB8FBEF64064}.Release|Any CPU.ActiveCfg = Release|Any CPU
		{399A1086-AA2B-4357-97C6-BB8FBEF64064}.Release|Any CPU.Build.0 = Release|Any CPU
		{399A1086-AA2B-4357-97C6-BB8FBEF64064}.Debug|iPhoneSimulator.ActiveCfg = Debug|Any CPU
		{399A1086-AA2B-4357-97C6-BB8FBEF64064}.Debug|iPhoneSimulator.Build.0 = Debug|Any CPU
		{399A1086-AA2B-4357-97C6-BB8FBEF64064}.Release|iPhone.ActiveCfg = Release|Any CPU
		{399A1086-AA2B-4357-97C6-BB8FBEF64064}.Release|iPhone.Build.0 = Release|Any CPU
		{399A1086-AA2B-4357-97C6-BB8FBEF64064}.Release|iPhoneSimulator.ActiveCfg = Release|Any CPU
		{399A1086-AA2B-4357-97C6-BB8FBEF64064}.Release|iPhoneSimulator.Build.0 = Release|Any CPU
		{399A1086-AA2B-4357-97C6-BB8FBEF64064}.Debug|iPhone.ActiveCfg = Debug|Any CPU
		{399A1086-AA2B-4357-97C6-BB8FBEF64064}.Debug|iPhone.Build.0 = Debug|Any CPU
		{D10D4EE0-EE35-46A3-880D-C85D859F85CC}.Debug|Any CPU.ActiveCfg = Debug|iPhoneSimulator
		{D10D4EE0-EE35-46A3-880D-C85D859F85CC}.Debug|Any CPU.Build.0 = Debug|iPhoneSimulator
		{D10D4EE0-EE35-46A3-880D-C85D859F85CC}.Release|Any CPU.ActiveCfg = Release|iPhone
		{D10D4EE0-EE35-46A3-880D-C85D859F85CC}.Release|Any CPU.Build.0 = Release|iPhone
		{D10D4EE0-EE35-46A3-880D-C85D859F85CC}.Debug|iPhoneSimulator.ActiveCfg = Debug|iPhoneSimulator
		{D10D4EE0-EE35-46A3-880D-C85D859F85CC}.Debug|iPhoneSimulator.Build.0 = Debug|iPhoneSimulator
		{D10D4EE0-EE35-46A3-880D-C85D859F85CC}.Release|iPhone.ActiveCfg = Release|iPhone
		{D10D4EE0-EE35-46A3-880D-C85D859F85CC}.Release|iPhone.Build.0 = Release|iPhone
		{D10D4EE0-EE35-46A3-880D-C85D859F85CC}.Release|iPhoneSimulator.ActiveCfg = Release|iPhoneSimulator
		{D10D4EE0-EE35-46A3-880D-C85D859F85CC}.Release|iPhoneSimulator.Build.0 = Release|iPhoneSimulator
		{D10D4EE0-EE35-46A3-880D-C85D859F85CC}.Debug|iPhone.ActiveCfg = Debug|iPhone
		{D10D4EE0-EE35-46A3-880D-C85D859F85CC}.Debug|iPhone.Build.0 = Debug|iPhone
		{4AB85809-F208-498C-83D7-5DA767729D1C}.Debug|Any CPU.ActiveCfg = Debug|Any CPU
		{4AB85809-F208-498C-83D7-5DA767729D1C}.Debug|Any CPU.Build.0 = Debug|Any CPU
		{4AB85809-F208-498C-83D7-5DA767729D1C}.Release|Any CPU.ActiveCfg = Release|Any CPU
		{4AB85809-F208-498C-83D7-5DA767729D1C}.Release|Any CPU.Build.0 = Release|Any CPU
		{4AB85809-F208-498C-83D7-5DA767729D1C}.Debug|iPhoneSimulator.ActiveCfg = Debug|Any CPU
		{4AB85809-F208-498C-83D7-5DA767729D1C}.Debug|iPhoneSimulator.Build.0 = Debug|Any CPU
		{4AB85809-F208-498C-83D7-5DA767729D1C}.Release|iPhone.ActiveCfg = Release|Any CPU
		{4AB85809-F208-498C-83D7-5DA767729D1C}.Release|iPhone.Build.0 = Release|Any CPU
		{4AB85809-F208-498C-83D7-5DA767729D1C}.Release|iPhoneSimulator.ActiveCfg = Release|Any CPU
		{4AB85809-F208-498C-83D7-5DA767729D1C}.Release|iPhoneSimulator.Build.0 = Release|Any CPU
		{4AB85809-F208-498C-83D7-5DA767729D1C}.Debug|iPhone.ActiveCfg = Debug|Any CPU
		{4AB85809-F208-498C-83D7-5DA767729D1C}.Debug|iPhone.Build.0 = Debug|Any CPU
		{CCD1886F-B3D4-4C84-8ADE-7352EFB5A045}.Debug|Any CPU.ActiveCfg = Debug|Any CPU
		{CCD1886F-B3D4-4C84-8ADE-7352EFB5A045}.Debug|Any CPU.Build.0 = Debug|Any CPU
		{CCD1886F-B3D4-4C84-8ADE-7352EFB5A045}.Release|Any CPU.ActiveCfg = Release|Any CPU
		{CCD1886F-B3D4-4C84-8ADE-7352EFB5A045}.Release|Any CPU.Build.0 = Release|Any CPU
		{CCD1886F-B3D4-4C84-8ADE-7352EFB5A045}.Debug|iPhoneSimulator.ActiveCfg = Debug|Any CPU
		{CCD1886F-B3D4-4C84-8ADE-7352EFB5A045}.Debug|iPhoneSimulator.Build.0 = Debug|Any CPU
		{CCD1886F-B3D4-4C84-8ADE-7352EFB5A045}.Release|iPhone.ActiveCfg = Release|Any CPU
		{CCD1886F-B3D4-4C84-8ADE-7352EFB5A045}.Release|iPhone.Build.0 = Release|Any CPU
		{CCD1886F-B3D4-4C84-8ADE-7352EFB5A045}.Release|iPhoneSimulator.ActiveCfg = Release|Any CPU
		{CCD1886F-B3D4-4C84-8ADE-7352EFB5A045}.Release|iPhoneSimulator.Build.0 = Release|Any CPU
		{CCD1886F-B3D4-4C84-8ADE-7352EFB5A045}.Debug|iPhone.ActiveCfg = Debug|Any CPU
		{CCD1886F-B3D4-4C84-8ADE-7352EFB5A045}.Debug|iPhone.Build.0 = Debug|Any CPU
	EndGlobalSection
EndGlobal
