
Microsoft Visual Studio Solution File, Format Version 12.00
# Visual Studio 2012
Project("{FAE04EC0-301F-11D3-BF4B-00C04F79EFBC}") = "kumasuzu", "kumasuzu\kumasuzu.csproj", "{A199BD43-1831-435C-9680-4D25087E7995}"
EndProject
Project("{FAE04EC0-301F-11D3-BF4B-00C04F79EFBC}") = "kumasuzu.Droid", "Droid\kumasuzu.Droid.csproj", "{210A134A-B3AB-4B51-A991-F26D4DDBFEB2}"
EndProject
Project("{FAE04EC0-301F-11D3-BF4B-00C04F79EFBC}") = "kumasuzu.iOS", "iOS\kumasuzu.iOS.csproj", "{1D447EBA-8AA3-483C-8965-F0C726C10A00}"
EndProject
Project("{FAE04EC0-301F-11D3-BF4B-00C04F79EFBC}") = "kumasuzu.UITests", "UITests\kumasuzu.UITests.csproj", "{BB33F9D0-C1CD-44F0-B9E7-7FB4B342558C}"
EndProject
Global
	GlobalSection(SolutionConfigurationPlatforms) = preSolution
		Debug|Any CPU = Debug|Any CPU
		Release|Any CPU = Release|Any CPU
		Debug|iPhoneSimulator = Debug|iPhoneSimulator
		Release|iPhone = Release|iPhone
		Release|iPhoneSimulator = Release|iPhoneSimulator
		Debug|iPhone = Debug|iPhone
	EndGlobalSection
	GlobalSection(ProjectConfigurationPlatforms) = postSolution
		{A199BD43-1831-435C-9680-4D25087E7995}.Debug|Any CPU.ActiveCfg = Debug|Any CPU
		{A199BD43-1831-435C-9680-4D25087E7995}.Debug|Any CPU.Build.0 = Debug|Any CPU
		{A199BD43-1831-435C-9680-4D25087E7995}.Release|Any CPU.ActiveCfg = Release|Any CPU
		{A199BD43-1831-435C-9680-4D25087E7995}.Release|Any CPU.Build.0 = Release|Any CPU
		{A199BD43-1831-435C-9680-4D25087E7995}.Debug|iPhoneSimulator.ActiveCfg = Debug|Any CPU
		{A199BD43-1831-435C-9680-4D25087E7995}.Debug|iPhoneSimulator.Build.0 = Debug|Any CPU
		{A199BD43-1831-435C-9680-4D25087E7995}.Release|iPhone.ActiveCfg = Release|Any CPU
		{A199BD43-1831-435C-9680-4D25087E7995}.Release|iPhone.Build.0 = Release|Any CPU
		{A199BD43-1831-435C-9680-4D25087E7995}.Release|iPhoneSimulator.ActiveCfg = Release|Any CPU
		{A199BD43-1831-435C-9680-4D25087E7995}.Release|iPhoneSimulator.Build.0 = Release|Any CPU
		{A199BD43-1831-435C-9680-4D25087E7995}.Debug|iPhone.ActiveCfg = Debug|Any CPU
		{A199BD43-1831-435C-9680-4D25087E7995}.Debug|iPhone.Build.0 = Debug|Any CPU
		{210A134A-B3AB-4B51-A991-F26D4DDBFEB2}.Debug|Any CPU.ActiveCfg = Debug|Any CPU
		{210A134A-B3AB-4B51-A991-F26D4DDBFEB2}.Debug|Any CPU.Build.0 = Debug|Any CPU
		{210A134A-B3AB-4B51-A991-F26D4DDBFEB2}.Release|Any CPU.ActiveCfg = Release|Any CPU
		{210A134A-B3AB-4B51-A991-F26D4DDBFEB2}.Release|Any CPU.Build.0 = Release|Any CPU
		{210A134A-B3AB-4B51-A991-F26D4DDBFEB2}.Debug|iPhoneSimulator.ActiveCfg = Debug|Any CPU
		{210A134A-B3AB-4B51-A991-F26D4DDBFEB2}.Debug|iPhoneSimulator.Build.0 = Debug|Any CPU
		{210A134A-B3AB-4B51-A991-F26D4DDBFEB2}.Release|iPhone.ActiveCfg = Release|Any CPU
		{210A134A-B3AB-4B51-A991-F26D4DDBFEB2}.Release|iPhone.Build.0 = Release|Any CPU
		{210A134A-B3AB-4B51-A991-F26D4DDBFEB2}.Release|iPhoneSimulator.ActiveCfg = Release|Any CPU
		{210A134A-B3AB-4B51-A991-F26D4DDBFEB2}.Release|iPhoneSimulator.Build.0 = Release|Any CPU
		{210A134A-B3AB-4B51-A991-F26D4DDBFEB2}.Debug|iPhone.ActiveCfg = Debug|Any CPU
		{210A134A-B3AB-4B51-A991-F26D4DDBFEB2}.Debug|iPhone.Build.0 = Debug|Any CPU
		{1D447EBA-8AA3-483C-8965-F0C726C10A00}.Debug|Any CPU.ActiveCfg = Debug|iPhoneSimulator
		{1D447EBA-8AA3-483C-8965-F0C726C10A00}.Debug|Any CPU.Build.0 = Debug|iPhoneSimulator
		{1D447EBA-8AA3-483C-8965-F0C726C10A00}.Release|Any CPU.ActiveCfg = Release|iPhone
		{1D447EBA-8AA3-483C-8965-F0C726C10A00}.Release|Any CPU.Build.0 = Release|iPhone
		{1D447EBA-8AA3-483C-8965-F0C726C10A00}.Debug|iPhoneSimulator.ActiveCfg = Debug|iPhoneSimulator
		{1D447EBA-8AA3-483C-8965-F0C726C10A00}.Debug|iPhoneSimulator.Build.0 = Debug|iPhoneSimulator
		{1D447EBA-8AA3-483C-8965-F0C726C10A00}.Release|iPhone.ActiveCfg = Release|iPhone
		{1D447EBA-8AA3-483C-8965-F0C726C10A00}.Release|iPhone.Build.0 = Release|iPhone
		{1D447EBA-8AA3-483C-8965-F0C726C10A00}.Release|iPhoneSimulator.ActiveCfg = Release|iPhoneSimulator
		{1D447EBA-8AA3-483C-8965-F0C726C10A00}.Release|iPhoneSimulator.Build.0 = Release|iPhoneSimulator
		{1D447EBA-8AA3-483C-8965-F0C726C10A00}.Debug|iPhone.ActiveCfg = Debug|iPhone
		{1D447EBA-8AA3-483C-8965-F0C726C10A00}.Debug|iPhone.Build.0 = Debug|iPhone
		{BB33F9D0-C1CD-44F0-B9E7-7FB4B342558C}.Debug|Any CPU.ActiveCfg = Debug|Any CPU
		{BB33F9D0-C1CD-44F0-B9E7-7FB4B342558C}.Debug|Any CPU.Build.0 = Debug|Any CPU
		{BB33F9D0-C1CD-44F0-B9E7-7FB4B342558C}.Release|Any CPU.ActiveCfg = Release|Any CPU
		{BB33F9D0-C1CD-44F0-B9E7-7FB4B342558C}.Release|Any CPU.Build.0 = Release|Any CPU
		{BB33F9D0-C1CD-44F0-B9E7-7FB4B342558C}.Debug|iPhoneSimulator.ActiveCfg = Debug|Any CPU
		{BB33F9D0-C1CD-44F0-B9E7-7FB4B342558C}.Debug|iPhoneSimulator.Build.0 = Debug|Any CPU
		{BB33F9D0-C1CD-44F0-B9E7-7FB4B342558C}.Release|iPhone.ActiveCfg = Release|Any CPU
		{BB33F9D0-C1CD-44F0-B9E7-7FB4B342558C}.Release|iPhone.Build.0 = Release|Any CPU
		{BB33F9D0-C1CD-44F0-B9E7-7FB4B342558C}.Release|iPhoneSimulator.ActiveCfg = Release|Any CPU
		{BB33F9D0-C1CD-44F0-B9E7-7FB4B342558C}.Release|iPhoneSimulator.Build.0 = Release|Any CPU
		{BB33F9D0-C1CD-44F0-B9E7-7FB4B342558C}.Debug|iPhone.ActiveCfg = Debug|Any CPU
		{BB33F9D0-C1CD-44F0-B9E7-7FB4B342558C}.Debug|iPhone.Build.0 = Debug|Any CPU
	EndGlobalSection
EndGlobal
